// !$*UTF8*$!
{
	archiveVersion = 1;
	classes = {
	};
	objectVersion = 55;
	objects = {

/* Begin PBXBuildFile section */
		BD2A2A9427A407F2005F0255 /* UserBubble.swift in Sources */ = {isa = PBXBuildFile; fileRef = BD2A2A9327A407F2005F0255 /* UserBubble.swift */; };
		BD2A2A9727A4092B005F0255 /* Contact.swift in Sources */ = {isa = PBXBuildFile; fileRef = BD2A2A9627A4092B005F0255 /* Contact.swift */; };
		BD97206F27A7628400676C1F /* ColorRGB.swift in Sources */ = {isa = PBXBuildFile; fileRef = BD97206E27A7628400676C1F /* ColorRGB.swift */; };
		BD97207227A766A000676C1F /* Chat.swift in Sources */ = {isa = PBXBuildFile; fileRef = BD97207127A766A000676C1F /* Chat.swift */; };
		BD97207427A767A700676C1F /* ChatItem.swift in Sources */ = {isa = PBXBuildFile; fileRef = BD97207327A767A700676C1F /* ChatItem.swift */; };
		BD97207627A800DF00676C1F /* ChatItemView.swift in Sources */ = {isa = PBXBuildFile; fileRef = BD97207527A800DF00676C1F /* ChatItemView.swift */; };
		BD97207827A8034900676C1F /* EditChat.swift in Sources */ = {isa = PBXBuildFile; fileRef = BD97207727A8034900676C1F /* EditChat.swift */; };
		BD97207B27A823FB00676C1F /* DarkBorderTextField.swift in Sources */ = {isa = PBXBuildFile; fileRef = BD97207A27A823FB00676C1F /* DarkBorderTextField.swift */; };
		BD97207D27A8242200676C1F /* SmallBlueButtonStyle.swift in Sources */ = {isa = PBXBuildFile; fileRef = BD97207C27A8242200676C1F /* SmallBlueButtonStyle.swift */; };
		BD97207F27A8243100676C1F /* BigBlueButtonStyle.swift in Sources */ = {isa = PBXBuildFile; fileRef = BD97207E27A8243100676C1F /* BigBlueButtonStyle.swift */; };
		BD97208127A8272200676C1F /* data.json in Resources */ = {isa = PBXBuildFile; fileRef = BD97208027A8272200676C1F /* data.json */; };
		BD97208427A8377300676C1F /* DataHelper.swift in Sources */ = {isa = PBXBuildFile; fileRef = BD97208327A8377300676C1F /* DataHelper.swift */; };
		BDBD3388279EAA10003311CA /* SelfChat_572847App.swift in Sources */ = {isa = PBXBuildFile; fileRef = BDBD3387279EAA10003311CA /* SelfChat_572847App.swift */; };
		BDBD338A279EAA10003311CA /* ContentView.swift in Sources */ = {isa = PBXBuildFile; fileRef = BDBD3389279EAA10003311CA /* ContentView.swift */; };
		BDBD338C279EAA11003311CA /* Assets.xcassets in Resources */ = {isa = PBXBuildFile; fileRef = BDBD338B279EAA11003311CA /* Assets.xcassets */; };
		BDBD338F279EAA11003311CA /* Preview Assets.xcassets in Resources */ = {isa = PBXBuildFile; fileRef = BDBD338E279EAA11003311CA /* Preview Assets.xcassets */; };
/* End PBXBuildFile section */

/* Begin PBXFileReference section */
		BD2A2A9327A407F2005F0255 /* UserBubble.swift */ = {isa = PBXFileReference; lastKnownFileType = sourcecode.swift; path = UserBubble.swift; sourceTree = "<group>"; };
		BD2A2A9627A4092B005F0255 /* Contact.swift */ = {isa = PBXFileReference; lastKnownFileType = sourcecode.swift; path = Contact.swift; sourceTree = "<group>"; };
		BD97206E27A7628400676C1F /* ColorRGB.swift */ = {isa = PBXFileReference; lastKnownFileType = sourcecode.swift; path = ColorRGB.swift; sourceTree = "<group>"; };
		BD97207127A766A000676C1F /* Chat.swift */ = {isa = PBXFileReference; lastKnownFileType = sourcecode.swift; path = Chat.swift; sourceTree = "<group>"; };
		BD97207327A767A700676C1F /* ChatItem.swift */ = {isa = PBXFileReference; lastKnownFileType = sourcecode.swift; path = ChatItem.swift; sourceTree = "<group>"; };
		BD97207527A800DF00676C1F /* ChatItemView.swift */ = {isa = PBXFileReference; lastKnownFileType = sourcecode.swift; path = ChatItemView.swift; sourceTree = "<group>"; };
		BD97207727A8034900676C1F /* EditChat.swift */ = {isa = PBXFileReference; lastKnownFileType = sourcecode.swift; path = EditChat.swift; sourceTree = "<group>"; };
		BD97207A27A823FB00676C1F /* DarkBorderTextField.swift */ = {isa = PBXFileReference; lastKnownFileType = sourcecode.swift; path = DarkBorderTextField.swift; sourceTree = "<group>"; };
		BD97207C27A8242200676C1F /* SmallBlueButtonStyle.swift */ = {isa = PBXFileReference; lastKnownFileType = sourcecode.swift; path = SmallBlueButtonStyle.swift; sourceTree = "<group>"; };
		BD97207E27A8243100676C1F /* BigBlueButtonStyle.swift */ = {isa = PBXFileReference; lastKnownFileType = sourcecode.swift; path = BigBlueButtonStyle.swift; sourceTree = "<group>"; };
		BD97208027A8272200676C1F /* data.json */ = {isa = PBXFileReference; lastKnownFileType = text.json; path = data.json; sourceTree = "<group>"; };
		BD97208327A8377300676C1F /* DataHelper.swift */ = {isa = PBXFileReference; lastKnownFileType = sourcecode.swift; path = DataHelper.swift; sourceTree = "<group>"; };
		BDBD3384279EAA10003311CA /* SelfChat_572847.app */ = {isa = PBXFileReference; explicitFileType = wrapper.application; includeInIndex = 0; path = SelfChat_572847.app; sourceTree = BUILT_PRODUCTS_DIR; };
		BDBD3387279EAA10003311CA /* SelfChat_572847App.swift */ = {isa = PBXFileReference; lastKnownFileType = sourcecode.swift; path = SelfChat_572847App.swift; sourceTree = "<group>"; };
		BDBD3389279EAA10003311CA /* ContentView.swift */ = {isa = PBXFileReference; lastKnownFileType = sourcecode.swift; path = ContentView.swift; sourceTree = "<group>"; };
		BDBD338B279EAA11003311CA /* Assets.xcassets */ = {isa = PBXFileReference; lastKnownFileType = folder.assetcatalog; path = Assets.xcassets; sourceTree = "<group>"; };
		BDBD338E279EAA11003311CA /* Preview Assets.xcassets */ = {isa = PBXFileReference; lastKnownFileType = folder.assetcatalog; path = "Preview Assets.xcassets"; sourceTree = "<group>"; };
/* End PBXFileReference section */

/* Begin PBXFrameworksBuildPhase section */
		BDBD3381279EAA10003311CA /* Frameworks */ = {
			isa = PBXFrameworksBuildPhase;
			buildActionMask = 2147483647;
			files = (
			);
			runOnlyForDeploymentPostprocessing = 0;
		};
/* End PBXFrameworksBuildPhase section */

/* Begin PBXGroup section */
		BD2A2A9527A40914005F0255 /* Models */ = {
			isa = PBXGroup;
			children = (
				BD2A2A9627A4092B005F0255 /* Contact.swift */,
				BD97207327A767A700676C1F /* ChatItem.swift */,
			);
			path = Models;
			sourceTree = "<group>";
		};
		BD97206D27A7625A00676C1F /* Extensions */ = {
			isa = PBXGroup;
			children = (
				BD97206E27A7628400676C1F /* ColorRGB.swift */,
			);
			path = Extensions;
			sourceTree = "<group>";
		};
		BD97207027A7668100676C1F /* Screens */ = {
			isa = PBXGroup;
			children = (
				BD97207127A766A000676C1F /* Chat.swift */,
				BD97207727A8034900676C1F /* EditChat.swift */,
			);
			path = Screens;
			sourceTree = "<group>";
		};
		BD97207927A823E700676C1F /* Styles */ = {
			isa = PBXGroup;
			children = (
				BD97207A27A823FB00676C1F /* DarkBorderTextField.swift */,
				BD97207C27A8242200676C1F /* SmallBlueButtonStyle.swift */,
				BD97207E27A8243100676C1F /* BigBlueButtonStyle.swift */,
			);
			path = Styles;
			sourceTree = "<group>";
		};
		BD97208227A8338600676C1F /* Helper */ = {
			isa = PBXGroup;
			children = (
				BD97208327A8377300676C1F /* DataHelper.swift */,
			);
			path = Helper;
			sourceTree = "<group>";
		};
		BDBD337B279EAA10003311CA = {
			isa = PBXGroup;
			children = (
				BDBD3386279EAA10003311CA /* SelfChat_572847 */,
				BDBD3385279EAA10003311CA /* Products */,
			);
			sourceTree = "<group>";
		};
		BDBD3385279EAA10003311CA /* Products */ = {
			isa = PBXGroup;
			children = (
				BDBD3384279EAA10003311CA /* SelfChat_572847.app */,
			);
			name = Products;
			sourceTree = "<group>";
		};
		BDBD3386279EAA10003311CA /* SelfChat_572847 */ = {
			isa = PBXGroup;
			children = (
				BD97208227A8338600676C1F /* Helper */,
				BD97207927A823E700676C1F /* Styles */,
				BD97207027A7668100676C1F /* Screens */,
				BD97206D27A7625A00676C1F /* Extensions */,
				BD2A2A9527A40914005F0255 /* Models */,
				BDBD3395279EAE1F003311CA /* Views */,
				BDBD3387279EAA10003311CA /* SelfChat_572847App.swift */,
				BDBD3389279EAA10003311CA /* ContentView.swift */,
				BDBD338B279EAA11003311CA /* Assets.xcassets */,
				BDBD338D279EAA11003311CA /* Preview Content */,
				BD97208027A8272200676C1F /* data.json */,
			);
			path = SelfChat_572847;
			sourceTree = "<group>";
		};
		BDBD338D279EAA11003311CA /* Preview Content */ = {
			isa = PBXGroup;
			children = (
				BDBD338E279EAA11003311CA /* Preview Assets.xcassets */,
			);
			path = "Preview Content";
			sourceTree = "<group>";
		};
		BDBD3395279EAE1F003311CA /* Views */ = {
			isa = PBXGroup;
			children = (
				BD2A2A9327A407F2005F0255 /* UserBubble.swift */,
				BD97207527A800DF00676C1F /* ChatItemView.swift */,
			);
			path = Views;
			sourceTree = "<group>";
		};
/* End PBXGroup section */

/* Begin PBXNativeTarget section */
		BDBD3383279EAA10003311CA /* SelfChat_572847 */ = {
			isa = PBXNativeTarget;
			buildConfigurationList = BDBD3392279EAA11003311CA /* Build configuration list for PBXNativeTarget "SelfChat_572847" */;
			buildPhases = (
				BDBD3380279EAA10003311CA /* Sources */,
				BDBD3381279EAA10003311CA /* Frameworks */,
				BDBD3382279EAA10003311CA /* Resources */,
			);
			buildRules = (
			);
			dependencies = (
			);
			name = SelfChat_572847;
			productName = SelfChat_572847;
			productReference = BDBD3384279EAA10003311CA /* SelfChat_572847.app */;
			productType = "com.apple.product-type.application";
		};
/* End PBXNativeTarget section */

/* Begin PBXProject section */
		BDBD337C279EAA10003311CA /* Project object */ = {
			isa = PBXProject;
			attributes = {
				BuildIndependentTargetsInParallel = 1;
				LastSwiftUpdateCheck = 1320;
				LastUpgradeCheck = 1320;
				TargetAttributes = {
					BDBD3383279EAA10003311CA = {
						CreatedOnToolsVersion = 13.2;
					};
				};
			};
			buildConfigurationList = BDBD337F279EAA10003311CA /* Build configuration list for PBXProject "SelfChat_572847" */;
			compatibilityVersion = "Xcode 13.0";
			developmentRegion = en;
			hasScannedForEncodings = 0;
			knownRegions = (
				en,
				Base,
			);
			mainGroup = BDBD337B279EAA10003311CA;
			productRefGroup = BDBD3385279EAA10003311CA /* Products */;
			projectDirPath = "";
			projectRoot = "";
			targets = (
				BDBD3383279EAA10003311CA /* SelfChat_572847 */,
			);
		};
/* End PBXProject section */

/* Begin PBXResourcesBuildPhase section */
		BDBD3382279EAA10003311CA /* Resources */ = {
			isa = PBXResourcesBuildPhase;
			buildActionMask = 2147483647;
			files = (
				BDBD338F279EAA11003311CA /* Preview Assets.xcassets in Resources */,
				BD97208127A8272200676C1F /* data.json in Resources */,
				BDBD338C279EAA11003311CA /* Assets.xcassets in Resources */,
			);
			runOnlyForDeploymentPostprocessing = 0;
		};
/* End PBXResourcesBuildPhase section */

/* Begin PBXSourcesBuildPhase section */
		BDBD3380279EAA10003311CA /* Sources */ = {
			isa = PBXSourcesBuildPhase;
			buildActionMask = 2147483647;
			files = (
				BD2A2A9727A4092B005F0255 /* Contact.swift in Sources */,
				BD97208427A8377300676C1F /* DataHelper.swift in Sources */,
				BD97207827A8034900676C1F /* EditChat.swift in Sources */,
				BD97207227A766A000676C1F /* Chat.swift in Sources */,
				BD97207427A767A700676C1F /* ChatItem.swift in Sources */,
				BDBD338A279EAA10003311CA /* ContentView.swift in Sources */,
				BDBD3388279EAA10003311CA /* SelfChat_572847App.swift in Sources */,
				BD97207F27A8243100676C1F /* BigBlueButtonStyle.swift in Sources */,
				BD97206F27A7628400676C1F /* ColorRGB.swift in Sources */,
				BD97207D27A8242200676C1F /* SmallBlueButtonStyle.swift in Sources */,
				BD2A2A9427A407F2005F0255 /* UserBubble.swift in Sources */,
				BD97207627A800DF00676C1F /* ChatItemView.swift in Sources */,
				BD97207B27A823FB00676C1F /* DarkBorderTextField.swift in Sources */,
			);
			runOnlyForDeploymentPostprocessing = 0;
		};
/* End PBXSourcesBuildPhase section */

/* Begin XCBuildConfiguration section */
		BDBD3390279EAA11003311CA /* Debug */ = {
			isa = XCBuildConfiguration;
			buildSettings = {
				ALWAYS_SEARCH_USER_PATHS = NO;
				CLANG_ANALYZER_NONNULL = YES;
				CLANG_ANALYZER_NUMBER_OBJECT_CONVERSION = YES_AGGRESSIVE;
				CLANG_CXX_LANGUAGE_STANDARD = "gnu++17";
				CLANG_CXX_LIBRARY = "libc++";
				CLANG_ENABLE_MODULES = YES;
				CLANG_ENABLE_OBJC_ARC = YES;
				CLANG_ENABLE_OBJC_WEAK = YES;
				CLANG_WARN_BLOCK_CAPTURE_AUTORELEASING = YES;
				CLANG_WARN_BOOL_CONVERSION = YES;
				CLANG_WARN_COMMA = YES;
				CLANG_WARN_CONSTANT_CONVERSION = YES;
				CLANG_WARN_DEPRECATED_OBJC_IMPLEMENTATIONS = YES;
				CLANG_WARN_DIRECT_OBJC_ISA_USAGE = YES_ERROR;
				CLANG_WARN_DOCUMENTATION_COMMENTS = YES;
				CLANG_WARN_EMPTY_BODY = YES;
				CLANG_WARN_ENUM_CONVERSION = YES;
				CLANG_WARN_INFINITE_RECURSION = YES;
				CLANG_WARN_INT_CONVERSION = YES;
				CLANG_WARN_NON_LITERAL_NULL_CONVERSION = YES;
				CLANG_WARN_OBJC_IMPLICIT_RETAIN_SELF = YES;
				CLANG_WARN_OBJC_LITERAL_CONVERSION = YES;
				CLANG_WARN_OBJC_ROOT_CLASS = YES_ERROR;
				CLANG_WARN_QUOTED_INCLUDE_IN_FRAMEWORK_HEADER = YES;
				CLANG_WARN_RANGE_LOOP_ANALYSIS = YES;
				CLANG_WARN_STRICT_PROTOTYPES = YES;
				CLANG_WARN_SUSPICIOUS_MOVE = YES;
				CLANG_WARN_UNGUARDED_AVAILABILITY = YES_AGGRESSIVE;
				CLANG_WARN_UNREACHABLE_CODE = YES;
				CLANG_WARN__DUPLICATE_METHOD_MATCH = YES;
				COPY_PHASE_STRIP = NO;
				DEBUG_INFORMATION_FORMAT = dwarf;
				ENABLE_STRICT_OBJC_MSGSEND = YES;
				ENABLE_TESTABILITY = YES;
				GCC_C_LANGUAGE_STANDARD = gnu11;
				GCC_DYNAMIC_NO_PIC = NO;
				GCC_NO_COMMON_BLOCKS = YES;
				GCC_OPTIMIZATION_LEVEL = 0;
				GCC_PREPROCESSOR_DEFINITIONS = (
					"DEBUG=1",
					"$(inherited)",
				);
				GCC_WARN_64_TO_32_BIT_CONVERSION = YES;
				GCC_WARN_ABOUT_RETURN_TYPE = YES_ERROR;
				GCC_WARN_UNDECLARED_SELECTOR = YES;
				GCC_WARN_UNINITIALIZED_AUTOS = YES_AGGRESSIVE;
				GCC_WARN_UNUSED_FUNCTION = YES;
				GCC_WARN_UNUSED_VARIABLE = YES;
				IPHONEOS_DEPLOYMENT_TARGET = 15.2;
				MTL_ENABLE_DEBUG_INFO = INCLUDE_SOURCE;
				MTL_FAST_MATH = YES;
				ONLY_ACTIVE_ARCH = YES;
				SDKROOT = iphoneos;
				SWIFT_ACTIVE_COMPILATION_CONDITIONS = DEBUG;
				SWIFT_OPTIMIZATION_LEVEL = "-Onone";
			};
			name = Debug;
		};
		BDBD3391279EAA11003311CA /* Release */ = {
			isa = XCBuildConfiguration;
			buildSettings = {
				ALWAYS_SEARCH_USER_PATHS = NO;
				CLANG_ANALYZER_NONNULL = YES;
				CLANG_ANALYZER_NUMBER_OBJECT_CONVERSION = YES_AGGRESSIVE;
				CLANG_CXX_LANGUAGE_STANDARD = "gnu++17";
				CLANG_CXX_LIBRARY = "libc++";
				CLANG_ENABLE_MODULES = YES;
				CLANG_ENABLE_OBJC_ARC = YES;
				CLANG_ENABLE_OBJC_WEAK = YES;
				CLANG_WARN_BLOCK_CAPTURE_AUTORELEASING = YES;
				CLANG_WARN_BOOL_CONVERSION = YES;
				CLANG_WARN_COMMA = YES;
				CLANG_WARN_CONSTANT_CONVERSION = YES;
				CLANG_WARN_DEPRECATED_OBJC_IMPLEMENTATIONS = YES;
				CLANG_WARN_DIRECT_OBJC_ISA_USAGE = YES_ERROR;
				CLANG_WARN_DOCUMENTATION_COMMENTS = YES;
				CLANG_WARN_EMPTY_BODY = YES;
				CLANG_WARN_ENUM_CONVERSION = YES;
				CLANG_WARN_INFINITE_RECURSION = YES;
				CLANG_WARN_INT_CONVERSION = YES;
				CLANG_WARN_NON_LITERAL_NULL_CONVERSION = YES;
				CLANG_WARN_OBJC_IMPLICIT_RETAIN_SELF = YES;
				CLANG_WARN_OBJC_LITERAL_CONVERSION = YES;
				CLANG_WARN_OBJC_ROOT_CLASS = YES_ERROR;
				CLANG_WARN_QUOTED_INCLUDE_IN_FRAMEWORK_HEADER = YES;
				CLANG_WARN_RANGE_LOOP_ANALYSIS = YES;
				CLANG_WARN_STRICT_PROTOTYPES = YES;
				CLANG_WARN_SUSPICIOUS_MOVE = YES;
				CLANG_WARN_UNGUARDED_AVAILABILITY = YES_AGGRESSIVE;
				CLANG_WARN_UNREACHABLE_CODE = YES;
				CLANG_WARN__DUPLICATE_METHOD_MATCH = YES;
				COPY_PHASE_STRIP = NO;
				DEBUG_INFORMATION_FORMAT = "dwarf-with-dsym";
				ENABLE_NS_ASSERTIONS = NO;
				ENABLE_STRICT_OBJC_MSGSEND = YES;
				GCC_C_LANGUAGE_STANDARD = gnu11;
				GCC_NO_COMMON_BLOCKS = YES;
				GCC_WARN_64_TO_32_BIT_CONVERSION = YES;
				GCC_WARN_ABOUT_RETURN_TYPE = YES_ERROR;
				GCC_WARN_UNDECLARED_SELECTOR = YES;
				GCC_WARN_UNINITIALIZED_AUTOS = YES_AGGRESSIVE;
				GCC_WARN_UNUSED_FUNCTION = YES;
				GCC_WARN_UNUSED_VARIABLE = YES;
				IPHONEOS_DEPLOYMENT_TARGET = 15.2;
				MTL_ENABLE_DEBUG_INFO = NO;
				MTL_FAST_MATH = YES;
				SDKROOT = iphoneos;
				SWIFT_COMPILATION_MODE = wholemodule;
				SWIFT_OPTIMIZATION_LEVEL = "-O";
				VALIDATE_PRODUCT = YES;
			};
			name = Release;
		};
		BDBD3393279EAA11003311CA /* Debug */ = {
			isa = XCBuildConfiguration;
			buildSettings = {
				ASSETCATALOG_COMPILER_APPICON_NAME = AppIcon;
				ASSETCATALOG_COMPILER_GLOBAL_ACCENT_COLOR_NAME = AccentColor;
				CODE_SIGN_STYLE = Automatic;
				CURRENT_PROJECT_VERSION = 1;
				DEVELOPMENT_ASSET_PATHS = "\"SelfChat_572847/Preview Content\"";
				DEVELOPMENT_TEAM = 7GDH5829A8;
				ENABLE_PREVIEWS = YES;
				GENERATE_INFOPLIST_FILE = YES;
				INFOPLIST_KEY_UIApplicationSceneManifest_Generation = YES;
				INFOPLIST_KEY_UIApplicationSupportsIndirectInputEvents = YES;
				INFOPLIST_KEY_UILaunchScreen_Generation = YES;
				INFOPLIST_KEY_UISupportedInterfaceOrientations_iPad = "UIInterfaceOrientationPortrait UIInterfaceOrientationPortraitUpsideDown UIInterfaceOrientationLandscapeLeft UIInterfaceOrientationLandscapeRight";
				INFOPLIST_KEY_UISupportedInterfaceOrientations_iPhone = "UIInterfaceOrientationPortrait UIInterfaceOrientationLandscapeLeft UIInterfaceOrientationLandscapeRight";
				LD_RUNPATH_SEARCH_PATHS = (
					"$(inherited)",
					"@executable_path/Frameworks",
				);
				MARKETING_VERSION = 1.0;
				PRODUCT_BUNDLE_IDENTIFIER = "de.htw-berlin.SelfChat-572847";
				PRODUCT_NAME = "$(TARGET_NAME)";
				SWIFT_EMIT_LOC_STRINGS = YES;
				SWIFT_VERSION = 5.0;
				TARGETED_DEVICE_FAMILY = "1,2";
			};
			name = Debug;
		};
		BDBD3394279EAA11003311CA /* Release */ = {
			isa = XCBuildConfiguration;
			buildSettings = {
				ASSETCATALOG_COMPILER_APPICON_NAME = AppIcon;
				ASSETCATALOG_COMPILER_GLOBAL_ACCENT_COLOR_NAME = AccentColor;
				CODE_SIGN_STYLE = Automatic;
				CURRENT_PROJECT_VERSION = 1;
				DEVELOPMENT_ASSET_PATHS = "\"SelfChat_572847/Preview Content\"";
				DEVELOPMENT_TEAM = 7GDH5829A8;
				ENABLE_PREVIEWS = YES;
				GENERATE_INFOPLIST_FILE = YES;
				INFOPLIST_KEY_UIApplicationSceneManifest_Generation = YES;
				INFOPLIST_KEY_UIApplicationSupportsIndirectInputEvents = YES;
				INFOPLIST_KEY_UILaunchScreen_Generation = YES;
				INFOPLIST_KEY_UISupportedInterfaceOrientations_iPad = "UIInterfaceOrientationPortrait UIInterfaceOrientationPortraitUpsideDown UIInterfaceOrientationLandscapeLeft UIInterfaceOrientationLandscapeRight";
				INFOPLIST_KEY_UISupportedInterfaceOrientations_iPhone = "UIInterfaceOrientationPortrait UIInterfaceOrientationLandscapeLeft UIInterfaceOrientationLandscapeRight";
				LD_RUNPATH_SEARCH_PATHS = (
					"$(inherited)",
					"@executable_path/Frameworks",
				);
				MARKETING_VERSION = 1.0;
				PRODUCT_BUNDLE_IDENTIFIER = "de.htw-berlin.SelfChat-572847";
				PRODUCT_NAME = "$(TARGET_NAME)";
				SWIFT_EMIT_LOC_STRINGS = YES;
				SWIFT_VERSION = 5.0;
				TARGETED_DEVICE_FAMILY = "1,2";
			};
			name = Release;
		};
/* End XCBuildConfiguration section */

/* Begin XCConfigurationList section */
		BDBD337F279EAA10003311CA /* Build configuration list for PBXProject "SelfChat_572847" */ = {
			isa = XCConfigurationList;
			buildConfigurations = (
				BDBD3390279EAA11003311CA /* Debug */,
				BDBD3391279EAA11003311CA /* Release */,
			);
			defaultConfigurationIsVisible = 0;
			defaultConfigurationName = Release;
		};
		BDBD3392279EAA11003311CA /* Build configuration list for PBXNativeTarget "SelfChat_572847" */ = {
			isa = XCConfigurationList;
			buildConfigurations = (
				BDBD3393279EAA11003311CA /* Debug */,
				BDBD3394279EAA11003311CA /* Release */,
			);
			defaultConfigurationIsVisible = 0;
			defaultConfigurationName = Release;
		};
/* End XCConfigurationList section */
	};
	rootObject = BDBD337C279EAA10003311CA /* Project object */;
}
